
Microsoft Visual Studio Solution File, Format Version 12.00
# Visual Studio Version 17
VisualStudioVersion = 17.14.36203.30 d17.14
MinimumVisualStudioVersion = 10.0.40219.1
Project("{FAE04EC0-301F-11D3-BF4B-00C04F79EFBC}") = "EAMS", "EAMS.csproj", "{78CDA6F6-1E00-44CA-BC69-4B22C389188F}"
EndProject
Global
	GlobalSection(SolutionConfigurationPlatforms) = preSolution
		Debug|Any CPU = Debug|Any CPU
		Release|Any CPU = Release|Any CPU
	EndGlobalSection
	GlobalSection(ProjectConfigurationPlatforms) = postSolution
		{78CDA6F6-1E00-44CA-BC69-4B22C389188F}.Debug|Any CPU.ActiveCfg = Debug|Any CPU
		{78CDA6F6-1E00-44CA-BC69-4B22C389188F}.Debug|Any CPU.Build.0 = Debug|Any CPU
		{78CDA6F6-1E00-44CA-BC69-4B22C389188F}.Release|Any CPU.ActiveCfg = Release|Any CPU
		{78CDA6F6-1E00-44CA-BC69-4B22C389188F}.Release|Any CPU.Build.0 = Release|Any CPU
	EndGlobalSection
	GlobalSection(SolutionProperties) = preSolution
		HideSolutionNode = FALSE
	EndGlobalSection
	GlobalSection(ExtensibilityGlobals) = postSolution
		SolutionGuid = {30F86C1C-3387-41CF-8A71-58B54C34C019}
	EndGlobalSection
EndGlobal
